
Microsoft Visual Studio Solution File, Format Version 12.00
# Visual Studio 15
VisualStudioVersion = 15.0.27703.2026
MinimumVisualStudioVersion = 10.0.40219.1
Project("{FAE04EC0-301F-11D3-BF4B-00C04F79EFBC}") = "AuthTokensv1", "AuthTokensv1\AuthTokensv1.csproj", "{6AEC8C12-C6A4-4C05-A31C-003FDD0F63B3}"
EndProject
Global
	GlobalSection(SolutionConfigurationPlatforms) = preSolution
		Debug|Any CPU = Debug|Any CPU
		Release|Any CPU = Release|Any CPU
	EndGlobalSection
	GlobalSection(ProjectConfigurationPlatforms) = postSolution
		{6AEC8C12-C6A4-4C05-A31C-003FDD0F63B3}.Debug|Any CPU.ActiveCfg = Debug|Any CPU
		{6AEC8C12-C6A4-4C05-A31C-003FDD0F63B3}.Debug|Any CPU.Build.0 = Debug|Any CPU
		{6AEC8C12-C6A4-4C05-A31C-003FDD0F63B3}.Release|Any CPU.ActiveCfg = Release|Any CPU
		{6AEC8C12-C6A4-4C05-A31C-003FDD0F63B3}.Release|Any CPU.Build.0 = Release|Any CPU
	EndGlobalSection
	GlobalSection(SolutionProperties) = preSolution
		HideSolutionNode = FALSE
	EndGlobalSection
	GlobalSection(ExtensibilityGlobals) = postSolution
		SolutionGuid = {AC5EB3CA-954D-465B-A44B-116BFE27FBA7}
	EndGlobalSection
EndGlobal
